// !$*UTF8*$!
{
	archiveVersion = 1;
	classes = {
	};
	objectVersion = 77;
	objects = {

/* Begin PBXBuildFile section */
		A48F505D2CB01702004F3A74 /* KakaoSDK in Frameworks */ = {isa = PBXBuildFile; productRef = A48F505C2CB01702004F3A74 /* KakaoSDK */; };
		A48F505F2CB01702004F3A74 /* KakaoSDKAuth in Frameworks */ = {isa = PBXBuildFile; productRef = A48F505E2CB01702004F3A74 /* KakaoSDKAuth */; };
		A48F50612CB01702004F3A74 /* KakaoSDKCert in Frameworks */ = {isa = PBXBuildFile; productRef = A48F50602CB01702004F3A74 /* KakaoSDKCert */; };
		A48F50632CB01702004F3A74 /* KakaoSDKCertCore in Frameworks */ = {isa = PBXBuildFile; productRef = A48F50622CB01702004F3A74 /* KakaoSDKCertCore */; };
		A48F50652CB01702004F3A74 /* KakaoSDKCommon in Frameworks */ = {isa = PBXBuildFile; productRef = A48F50642CB01702004F3A74 /* KakaoSDKCommon */; };
		A48F50672CB01702004F3A74 /* KakaoSDKFriend in Frameworks */ = {isa = PBXBuildFile; productRef = A48F50662CB01702004F3A74 /* KakaoSDKFriend */; };
		A48F50692CB01702004F3A74 /* KakaoSDKFriendCore in Frameworks */ = {isa = PBXBuildFile; productRef = A48F50682CB01702004F3A74 /* KakaoSDKFriendCore */; };
		A48F506B2CB01702004F3A74 /* KakaoSDKNavi in Frameworks */ = {isa = PBXBuildFile; productRef = A48F506A2CB01702004F3A74 /* KakaoSDKNavi */; };
		A48F506D2CB01702004F3A74 /* KakaoSDKShare in Frameworks */ = {isa = PBXBuildFile; productRef = A48F506C2CB01702004F3A74 /* KakaoSDKShare */; };
		A48F506F2CB01702004F3A74 /* KakaoSDKTalk in Frameworks */ = {isa = PBXBuildFile; productRef = A48F506E2CB01702004F3A74 /* KakaoSDKTalk */; };
		A48F50712CB01702004F3A74 /* KakaoSDKTemplate in Frameworks */ = {isa = PBXBuildFile; productRef = A48F50702CB01702004F3A74 /* KakaoSDKTemplate */; };
		A48F50732CB01702004F3A74 /* KakaoSDKUser in Frameworks */ = {isa = PBXBuildFile; productRef = A48F50722CB01702004F3A74 /* KakaoSDKUser */; };
		A48F51442CB071B0004F3A74 /* usket.NMaps-SPM in Frameworks */ = {isa = PBXBuildFile; productRef = A48F51432CB071B0004F3A74 /* usket.NMaps-SPM */; };
		A48F55702CB1AC69004F3A74 /* Kingfisher in Frameworks */ = {isa = PBXBuildFile; productRef = A48F556F2CB1AC69004F3A74 /* Kingfisher */; };
		A4B716B12CAFF78000F28562 /* SnapKit in Frameworks */ = {isa = PBXBuildFile; productRef = A4B716B02CAFF78000F28562 /* SnapKit */; };
		A4B716B42CAFF7B700F28562 /* Moya in Frameworks */ = {isa = PBXBuildFile; productRef = A4B716B32CAFF7B700F28562 /* Moya */; };
/* End PBXBuildFile section */

/* Begin PBXFileReference section */
		A4B716932CAFF67800F28562 /* Bust-iOS.app */ = {isa = PBXFileReference; explicitFileType = wrapper.application; includeInIndex = 0; path = "Bust-iOS.app"; sourceTree = BUILT_PRODUCTS_DIR; };
/* End PBXFileReference section */

/* Begin PBXFileSystemSynchronizedBuildFileExceptionSet section */
		A4B716A52CAFF67A00F28562 /* Exceptions for "Bust-iOS" folder in "Bust-iOS" target */ = {
			isa = PBXFileSystemSynchronizedBuildFileExceptionSet;
			membershipExceptions = (
				Info.plist,
			);
			target = A4B716922CAFF67800F28562 /* Bust-iOS */;
		};
/* End PBXFileSystemSynchronizedBuildFileExceptionSet section */

/* Begin PBXFileSystemSynchronizedRootGroup section */
		A4B716952CAFF67800F28562 /* Bust-iOS */ = {
			isa = PBXFileSystemSynchronizedRootGroup;
			exceptions = (
				A4B716A52CAFF67A00F28562 /* Exceptions for "Bust-iOS" folder in "Bust-iOS" target */,
			);
			path = "Bust-iOS";
			sourceTree = "<group>";
		};
/* End PBXFileSystemSynchronizedRootGroup section */

/* Begin PBXFrameworksBuildPhase section */
		A4B716902CAFF67800F28562 /* Frameworks */ = {
			isa = PBXFrameworksBuildPhase;
			buildActionMask = 2147483647;
			files = (
				A48F51442CB071B0004F3A74 /* usket.NMaps-SPM in Frameworks */,
				A4B716B42CAFF7B700F28562 /* Moya in Frameworks */,
				A48F50652CB01702004F3A74 /* KakaoSDKCommon in Frameworks */,
				A48F50692CB01702004F3A74 /* KakaoSDKFriendCore in Frameworks */,
				A48F55702CB1AC69004F3A74 /* Kingfisher in Frameworks */,
				A4B716B12CAFF78000F28562 /* SnapKit in Frameworks */,
				A48F50632CB01702004F3A74 /* KakaoSDKCertCore in Frameworks */,
				A48F506D2CB01702004F3A74 /* KakaoSDKShare in Frameworks */,
				A48F505D2CB01702004F3A74 /* KakaoSDK in Frameworks */,
				A48F505F2CB01702004F3A74 /* KakaoSDKAuth in Frameworks */,
				A48F506B2CB01702004F3A74 /* KakaoSDKNavi in Frameworks */,
				A48F506F2CB01702004F3A74 /* KakaoSDKTalk in Frameworks */,
				A48F50732CB01702004F3A74 /* KakaoSDKUser in Frameworks */,
				A48F50612CB01702004F3A74 /* KakaoSDKCert in Frameworks */,
				A48F50712CB01702004F3A74 /* KakaoSDKTemplate in Frameworks */,
				A48F50672CB01702004F3A74 /* KakaoSDKFriend in Frameworks */,
			);
			runOnlyForDeploymentPostprocessing = 0;
		};
/* End PBXFrameworksBuildPhase section */

/* Begin PBXGroup section */
		A4B7168A2CAFF67800F28562 = {
			isa = PBXGroup;
			children = (
				A4B716952CAFF67800F28562 /* Bust-iOS */,
				A4B716942CAFF67800F28562 /* Products */,
			);
			sourceTree = "<group>";
		};
		A4B716942CAFF67800F28562 /* Products */ = {
			isa = PBXGroup;
			children = (
				A4B716932CAFF67800F28562 /* Bust-iOS.app */,
			);
			name = Products;
			sourceTree = "<group>";
		};
/* End PBXGroup section */

/* Begin PBXNativeTarget section */
		A4B716922CAFF67800F28562 /* Bust-iOS */ = {
			isa = PBXNativeTarget;
			buildConfigurationList = A4B716A62CAFF67A00F28562 /* Build configuration list for PBXNativeTarget "Bust-iOS" */;
			buildPhases = (
				A4B7168F2CAFF67800F28562 /* Sources */,
				A4B716902CAFF67800F28562 /* Frameworks */,
				A4B716912CAFF67800F28562 /* Resources */,
			);
			buildRules = (
			);
			dependencies = (
			);
			fileSystemSynchronizedGroups = (
				A4B716952CAFF67800F28562 /* Bust-iOS */,
			);
			name = "Bust-iOS";
			packageProductDependencies = (
				A4B716B02CAFF78000F28562 /* SnapKit */,
				A4B716B32CAFF7B700F28562 /* Moya */,
				A48F505C2CB01702004F3A74 /* KakaoSDK */,
				A48F505E2CB01702004F3A74 /* KakaoSDKAuth */,
				A48F50602CB01702004F3A74 /* KakaoSDKCert */,
				A48F50622CB01702004F3A74 /* KakaoSDKCertCore */,
				A48F50642CB01702004F3A74 /* KakaoSDKCommon */,
				A48F50662CB01702004F3A74 /* KakaoSDKFriend */,
				A48F50682CB01702004F3A74 /* KakaoSDKFriendCore */,
				A48F506A2CB01702004F3A74 /* KakaoSDKNavi */,
				A48F506C2CB01702004F3A74 /* KakaoSDKShare */,
				A48F506E2CB01702004F3A74 /* KakaoSDKTalk */,
				A48F50702CB01702004F3A74 /* KakaoSDKTemplate */,
				A48F50722CB01702004F3A74 /* KakaoSDKUser */,
				A48F51432CB071B0004F3A74 /* usket.NMaps-SPM */,
				A48F556F2CB1AC69004F3A74 /* Kingfisher */,
			);
			productName = "Bust-iOS";
			productReference = A4B716932CAFF67800F28562 /* Bust-iOS.app */;
			productType = "com.apple.product-type.application";
		};
/* End PBXNativeTarget section */

/* Begin PBXProject section */
		A4B7168B2CAFF67800F28562 /* Project object */ = {
			isa = PBXProject;
			attributes = {
				BuildIndependentTargetsInParallel = 1;
				LastSwiftUpdateCheck = 1600;
				LastUpgradeCheck = 1600;
				TargetAttributes = {
					A4B716922CAFF67800F28562 = {
						CreatedOnToolsVersion = 16.0;
					};
				};
			};
			buildConfigurationList = A4B7168E2CAFF67800F28562 /* Build configuration list for PBXProject "Bust-iOS" */;
			developmentRegion = en;
			hasScannedForEncodings = 0;
			knownRegions = (
				en,
				Base,
			);
			mainGroup = A4B7168A2CAFF67800F28562;
			minimizedProjectReferenceProxies = 1;
			packageReferences = (
				A4B716AF2CAFF78000F28562 /* XCRemoteSwiftPackageReference "SnapKit" */,
				A4B716B22CAFF7B700F28562 /* XCRemoteSwiftPackageReference "Moya" */,
				A48F505B2CB01702004F3A74 /* XCRemoteSwiftPackageReference "kakao-ios-sdk" */,
				A48F51422CB071B0004F3A74 /* XCRemoteSwiftPackageReference "usket" */,
				A48F556E2CB1AC69004F3A74 /* XCRemoteSwiftPackageReference "Kingfisher" */,
			);
			preferredProjectObjectVersion = 77;
			productRefGroup = A4B716942CAFF67800F28562 /* Products */;
			projectDirPath = "";
			projectRoot = "";
			targets = (
				A4B716922CAFF67800F28562 /* Bust-iOS */,
			);
		};
/* End PBXProject section */

/* Begin PBXResourcesBuildPhase section */
		A4B716912CAFF67800F28562 /* Resources */ = {
			isa = PBXResourcesBuildPhase;
			buildActionMask = 2147483647;
			files = (
			);
			runOnlyForDeploymentPostprocessing = 0;
		};
/* End PBXResourcesBuildPhase section */

/* Begin PBXSourcesBuildPhase section */
		A4B7168F2CAFF67800F28562 /* Sources */ = {
			isa = PBXSourcesBuildPhase;
			buildActionMask = 2147483647;
			files = (
			);
			runOnlyForDeploymentPostprocessing = 0;
		};
/* End PBXSourcesBuildPhase section */

/* Begin XCBuildConfiguration section */
		A4B716A72CAFF67A00F28562 /* Debug */ = {
			isa = XCBuildConfiguration;
			baseConfigurationReferenceAnchor = A4B716952CAFF67800F28562 /* Bust-iOS */;
			baseConfigurationReferenceRelativePath = Config.xcconfig;
			buildSettings = {
				ASSETCATALOG_COMPILER_APPICON_NAME = AppIcon;
				ASSETCATALOG_COMPILER_GLOBAL_ACCENT_COLOR_NAME = AccentColor;
				CODE_SIGN_STYLE = Automatic;
				CURRENT_PROJECT_VERSION = 1;
				DEVELOPMENT_TEAM = XGXWL95BMU;
				GENERATE_INFOPLIST_FILE = YES;
				INFOPLIST_FILE = "Bust-iOS/Info.plist";
				INFOPLIST_KEY_NSLocationAlwaysAndWhenInUseUsageDescription = "위치정보 권한이 필요합니다.";
				INFOPLIST_KEY_NSLocationAlwaysUsageDescription = "위치정보 권한이 필요합니다.";
				INFOPLIST_KEY_NSLocationWhenInUseUsageDescription = "위치정보 권한이 필요합니다.";
				INFOPLIST_KEY_UIApplicationSupportsIndirectInputEvents = YES;
				INFOPLIST_KEY_UILaunchStoryboardName = LaunchScreen;
				INFOPLIST_KEY_UISupportedInterfaceOrientations = UIInterfaceOrientationPortrait;
				INFOPLIST_KEY_UISupportedInterfaceOrientations_iPad = "UIInterfaceOrientationLandscapeLeft UIInterfaceOrientationLandscapeRight UIInterfaceOrientationPortrait UIInterfaceOrientationPortraitUpsideDown";
				LD_RUNPATH_SEARCH_PATHS = (
					"$(inherited)",
					"@executable_path/Frameworks",
				);
				MARKETING_VERSION = 1.0;
				PRODUCT_BUNDLE_IDENTIFIER = "com.Bust.Bust-iOS";
				PRODUCT_NAME = "$(TARGET_NAME)";
				SUPPORTED_PLATFORMS = "iphoneos iphonesimulator";
				SUPPORTS_MACCATALYST = NO;
				SWIFT_EMIT_LOC_STRINGS = YES;
				SWIFT_VERSION = 5.0;
				TARGETED_DEVICE_FAMILY = 1;
			};
			name = Debug;
		};
		A4B716A82CAFF67A00F28562 /* Release */ = {
			isa = XCBuildConfiguration;
			baseConfigurationReferenceAnchor = A4B716952CAFF67800F28562 /* Bust-iOS */;
			baseConfigurationReferenceRelativePath = Config.xcconfig;
			buildSettings = {
				ASSETCATALOG_COMPILER_APPICON_NAME = AppIcon;
				ASSETCATALOG_COMPILER_GLOBAL_ACCENT_COLOR_NAME = AccentColor;
				CODE_SIGN_STYLE = Automatic;
				CURRENT_PROJECT_VERSION = 1;
				DEVELOPMENT_TEAM = XGXWL95BMU;
				GENERATE_INFOPLIST_FILE = YES;
				INFOPLIST_FILE = "Bust-iOS/Info.plist";
				INFOPLIST_KEY_NSLocationAlwaysAndWhenInUseUsageDescription = "위치정보 권한이 필요합니다.";
				INFOPLIST_KEY_NSLocationAlwaysUsageDescription = "위치정보 권한이 필요합니다.";
				INFOPLIST_KEY_NSLocationWhenInUseUsageDescription = "위치정보 권한이 필요합니다.";
				INFOPLIST_KEY_UIApplicationSupportsIndirectInputEvents = YES;
				INFOPLIST_KEY_UILaunchStoryboardName = LaunchScreen;
				INFOPLIST_KEY_UISupportedInterfaceOrientations = UIInterfaceOrientationPortrait;
				INFOPLIST_KEY_UISupportedInterfaceOrientations_iPad = "UIInterfaceOrientationLandscapeLeft UIInterfaceOrientationLandscapeRight UIInterfaceOrientationPortrait UIInterfaceOrientationPortraitUpsideDown";
				LD_RUNPATH_SEARCH_PATHS = (
					"$(inherited)",
					"@executable_path/Frameworks",
				);
				MARKETING_VERSION = 1.0;
				PRODUCT_BUNDLE_IDENTIFIER = "com.Bust.Bust-iOS";
				PRODUCT_NAME = "$(TARGET_NAME)";
				SUPPORTED_PLATFORMS = "iphoneos iphonesimulator";
				SUPPORTS_MACCATALYST = NO;
				SWIFT_EMIT_LOC_STRINGS = YES;
				SWIFT_VERSION = 5.0;
				TARGETED_DEVICE_FAMILY = 1;
			};
			name = Release;
		};
		A4B716A92CAFF67A00F28562 /* Debug */ = {
			isa = XCBuildConfiguration;
			baseConfigurationReferenceAnchor = A4B716952CAFF67800F28562 /* Bust-iOS */;
			baseConfigurationReferenceRelativePath = Config.xcconfig;
			buildSettings = {
				ALWAYS_SEARCH_USER_PATHS = NO;
				ASSETCATALOG_COMPILER_GENERATE_SWIFT_ASSET_SYMBOL_EXTENSIONS = YES;
				CLANG_ANALYZER_NONNULL = YES;
				CLANG_ANALYZER_NUMBER_OBJECT_CONVERSION = YES_AGGRESSIVE;
				CLANG_CXX_LANGUAGE_STANDARD = "gnu++20";
				CLANG_ENABLE_MODULES = YES;
				CLANG_ENABLE_OBJC_ARC = YES;
				CLANG_ENABLE_OBJC_WEAK = YES;
				CLANG_WARN_BLOCK_CAPTURE_AUTORELEASING = YES;
				CLANG_WARN_BOOL_CONVERSION = YES;
				CLANG_WARN_COMMA = YES;
				CLANG_WARN_CONSTANT_CONVERSION = YES;
				CLANG_WARN_DEPRECATED_OBJC_IMPLEMENTATIONS = YES;
				CLANG_WARN_DIRECT_OBJC_ISA_USAGE = YES_ERROR;
				CLANG_WARN_DOCUMENTATION_COMMENTS = YES;
				CLANG_WARN_EMPTY_BODY = YES;
				CLANG_WARN_ENUM_CONVERSION = YES;
				CLANG_WARN_INFINITE_RECURSION = YES;
				CLANG_WARN_INT_CONVERSION = YES;
				CLANG_WARN_NON_LITERAL_NULL_CONVERSION = YES;
				CLANG_WARN_OBJC_IMPLICIT_RETAIN_SELF = YES;
				CLANG_WARN_OBJC_LITERAL_CONVERSION = YES;
				CLANG_WARN_OBJC_ROOT_CLASS = YES_ERROR;
				CLANG_WARN_QUOTED_INCLUDE_IN_FRAMEWORK_HEADER = YES;
				CLANG_WARN_RANGE_LOOP_ANALYSIS = YES;
				CLANG_WARN_STRICT_PROTOTYPES = YES;
				CLANG_WARN_SUSPICIOUS_MOVE = YES;
				CLANG_WARN_UNGUARDED_AVAILABILITY = YES_AGGRESSIVE;
				CLANG_WARN_UNREACHABLE_CODE = YES;
				CLANG_WARN__DUPLICATE_METHOD_MATCH = YES;
				COPY_PHASE_STRIP = NO;
				DEBUG_INFORMATION_FORMAT = dwarf;
				ENABLE_STRICT_OBJC_MSGSEND = YES;
				ENABLE_TESTABILITY = YES;
				ENABLE_USER_SCRIPT_SANDBOXING = YES;
				GCC_C_LANGUAGE_STANDARD = gnu17;
				GCC_DYNAMIC_NO_PIC = NO;
				GCC_NO_COMMON_BLOCKS = YES;
				GCC_OPTIMIZATION_LEVEL = 0;
				GCC_PREPROCESSOR_DEFINITIONS = (
					"DEBUG=1",
					"$(inherited)",
				);
				GCC_WARN_64_TO_32_BIT_CONVERSION = YES;
				GCC_WARN_ABOUT_RETURN_TYPE = YES_ERROR;
				GCC_WARN_UNDECLARED_SELECTOR = YES;
				GCC_WARN_UNINITIALIZED_AUTOS = YES_AGGRESSIVE;
				GCC_WARN_UNUSED_FUNCTION = YES;
				GCC_WARN_UNUSED_VARIABLE = YES;
				IPHONEOS_DEPLOYMENT_TARGET = 18.0;
				LOCALIZATION_PREFERS_STRING_CATALOGS = YES;
				MTL_ENABLE_DEBUG_INFO = INCLUDE_SOURCE;
				MTL_FAST_MATH = YES;
				ONLY_ACTIVE_ARCH = YES;
				SDKROOT = iphoneos;
				SWIFT_ACTIVE_COMPILATION_CONDITIONS = "DEBUG $(inherited)";
				SWIFT_OPTIMIZATION_LEVEL = "-Onone";
			};
			name = Debug;
		};
		A4B716AA2CAFF67A00F28562 /* Release */ = {
			isa = XCBuildConfiguration;
			baseConfigurationReferenceAnchor = A4B716952CAFF67800F28562 /* Bust-iOS */;
			baseConfigurationReferenceRelativePath = Config.xcconfig;
			buildSettings = {
				ALWAYS_SEARCH_USER_PATHS = NO;
				ASSETCATALOG_COMPILER_GENERATE_SWIFT_ASSET_SYMBOL_EXTENSIONS = YES;
				CLANG_ANALYZER_NONNULL = YES;
				CLANG_ANALYZER_NUMBER_OBJECT_CONVERSION = YES_AGGRESSIVE;
				CLANG_CXX_LANGUAGE_STANDARD = "gnu++20";
				CLANG_ENABLE_MODULES = YES;
				CLANG_ENABLE_OBJC_ARC = YES;
				CLANG_ENABLE_OBJC_WEAK = YES;
				CLANG_WARN_BLOCK_CAPTURE_AUTORELEASING = YES;
				CLANG_WARN_BOOL_CONVERSION = YES;
				CLANG_WARN_COMMA = YES;
				CLANG_WARN_CONSTANT_CONVERSION = YES;
				CLANG_WARN_DEPRECATED_OBJC_IMPLEMENTATIONS = YES;
				CLANG_WARN_DIRECT_OBJC_ISA_USAGE = YES_ERROR;
				CLANG_WARN_DOCUMENTATION_COMMENTS = YES;
				CLANG_WARN_EMPTY_BODY = YES;
				CLANG_WARN_ENUM_CONVERSION = YES;
				CLANG_WARN_INFINITE_RECURSION = YES;
				CLANG_WARN_INT_CONVERSION = YES;
				CLANG_WARN_NON_LITERAL_NULL_CONVERSION = YES;
				CLANG_WARN_OBJC_IMPLICIT_RETAIN_SELF = YES;
				CLANG_WARN_OBJC_LITERAL_CONVERSION = YES;
				CLANG_WARN_OBJC_ROOT_CLASS = YES_ERROR;
				CLANG_WARN_QUOTED_INCLUDE_IN_FRAMEWORK_HEADER = YES;
				CLANG_WARN_RANGE_LOOP_ANALYSIS = YES;
				CLANG_WARN_STRICT_PROTOTYPES = YES;
				CLANG_WARN_SUSPICIOUS_MOVE = YES;
				CLANG_WARN_UNGUARDED_AVAILABILITY = YES_AGGRESSIVE;
				CLANG_WARN_UNREACHABLE_CODE = YES;
				CLANG_WARN__DUPLICATE_METHOD_MATCH = YES;
				COPY_PHASE_STRIP = NO;
				DEBUG_INFORMATION_FORMAT = "dwarf-with-dsym";
				ENABLE_NS_ASSERTIONS = NO;
				ENABLE_STRICT_OBJC_MSGSEND = YES;
				ENABLE_USER_SCRIPT_SANDBOXING = YES;
				GCC_C_LANGUAGE_STANDARD = gnu17;
				GCC_NO_COMMON_BLOCKS = YES;
				GCC_WARN_64_TO_32_BIT_CONVERSION = YES;
				GCC_WARN_ABOUT_RETURN_TYPE = YES_ERROR;
				GCC_WARN_UNDECLARED_SELECTOR = YES;
				GCC_WARN_UNINITIALIZED_AUTOS = YES_AGGRESSIVE;
				GCC_WARN_UNUSED_FUNCTION = YES;
				GCC_WARN_UNUSED_VARIABLE = YES;
				IPHONEOS_DEPLOYMENT_TARGET = 18.0;
				LOCALIZATION_PREFERS_STRING_CATALOGS = YES;
				MTL_ENABLE_DEBUG_INFO = NO;
				MTL_FAST_MATH = YES;
				SDKROOT = iphoneos;
				SWIFT_COMPILATION_MODE = wholemodule;
				VALIDATE_PRODUCT = YES;
			};
			name = Release;
		};
/* End XCBuildConfiguration section */

/* Begin XCConfigurationList section */
		A4B7168E2CAFF67800F28562 /* Build configuration list for PBXProject "Bust-iOS" */ = {
			isa = XCConfigurationList;
			buildConfigurations = (
				A4B716A92CAFF67A00F28562 /* Debug */,
				A4B716AA2CAFF67A00F28562 /* Release */,
			);
			defaultConfigurationIsVisible = 0;
			defaultConfigurationName = Release;
		};
		A4B716A62CAFF67A00F28562 /* Build configuration list for PBXNativeTarget "Bust-iOS" */ = {
			isa = XCConfigurationList;
			buildConfigurations = (
				A4B716A72CAFF67A00F28562 /* Debug */,
				A4B716A82CAFF67A00F28562 /* Release */,
			);
			defaultConfigurationIsVisible = 0;
			defaultConfigurationName = Release;
		};
/* End XCConfigurationList section */

/* Begin XCRemoteSwiftPackageReference section */
		A48F505B2CB01702004F3A74 /* XCRemoteSwiftPackageReference "kakao-ios-sdk" */ = {
			isa = XCRemoteSwiftPackageReference;
			repositoryURL = "https://github.com/kakao/kakao-ios-sdk";
			requirement = {
				kind = upToNextMajorVersion;
				minimumVersion = 2.22.7;
			};
		};
		A48F51422CB071B0004F3A74 /* XCRemoteSwiftPackageReference "usket" */ = {
			isa = XCRemoteSwiftPackageReference;
			repositoryURL = "https://github.com/9oHigh/usket.NMaps-SPM";
			requirement = {
				branch = main;
				kind = branch;
			};
		};
		A48F556E2CB1AC69004F3A74 /* XCRemoteSwiftPackageReference "Kingfisher" */ = {
			isa = XCRemoteSwiftPackageReference;
			repositoryURL = "https://github.com/onevcat/Kingfisher";
			requirement = {
				kind = upToNextMajorVersion;
				minimumVersion = 8.0.3;
			};
		};
		A4B716AF2CAFF78000F28562 /* XCRemoteSwiftPackageReference "SnapKit" */ = {
			isa = XCRemoteSwiftPackageReference;
			repositoryURL = "https://github.com/SnapKit/SnapKit";
			requirement = {
				kind = upToNextMajorVersion;
				minimumVersion = 5.7.1;
			};
		};
		A4B716B22CAFF7B700F28562 /* XCRemoteSwiftPackageReference "Moya" */ = {
			isa = XCRemoteSwiftPackageReference;
			repositoryURL = "https://github.com/Moya/Moya.git";
			requirement = {
				kind = upToNextMajorVersion;
				minimumVersion = 15.0.3;
			};
		};
/* End XCRemoteSwiftPackageReference section */

/* Begin XCSwiftPackageProductDependency section */
		A48F505C2CB01702004F3A74 /* KakaoSDK */ = {
			isa = XCSwiftPackageProductDependency;
			package = A48F505B2CB01702004F3A74 /* XCRemoteSwiftPackageReference "kakao-ios-sdk" */;
			productName = KakaoSDK;
		};
		A48F505E2CB01702004F3A74 /* KakaoSDKAuth */ = {
			isa = XCSwiftPackageProductDependency;
			package = A48F505B2CB01702004F3A74 /* XCRemoteSwiftPackageReference "kakao-ios-sdk" */;
			productName = KakaoSDKAuth;
		};
		A48F50602CB01702004F3A74 /* KakaoSDKCert */ = {
			isa = XCSwiftPackageProductDependency;
			package = A48F505B2CB01702004F3A74 /* XCRemoteSwiftPackageReference "kakao-ios-sdk" */;
			productName = KakaoSDKCert;
		};
		A48F50622CB01702004F3A74 /* KakaoSDKCertCore */ = {
			isa = XCSwiftPackageProductDependency;
			package = A48F505B2CB01702004F3A74 /* XCRemoteSwiftPackageReference "kakao-ios-sdk" */;
			productName = KakaoSDKCertCore;
		};
		A48F50642CB01702004F3A74 /* KakaoSDKCommon */ = {
			isa = XCSwiftPackageProductDependency;
			package = A48F505B2CB01702004F3A74 /* XCRemoteSwiftPackageReference "kakao-ios-sdk" */;
			productName = KakaoSDKCommon;
		};
		A48F50662CB01702004F3A74 /* KakaoSDKFriend */ = {
			isa = XCSwiftPackageProductDependency;
			package = A48F505B2CB01702004F3A74 /* XCRemoteSwiftPackageReference "kakao-ios-sdk" */;
			productName = KakaoSDKFriend;
		};
		A48F50682CB01702004F3A74 /* KakaoSDKFriendCore */ = {
			isa = XCSwiftPackageProductDependency;
			package = A48F505B2CB01702004F3A74 /* XCRemoteSwiftPackageReference "kakao-ios-sdk" */;
			productName = KakaoSDKFriendCore;
		};
		A48F506A2CB01702004F3A74 /* KakaoSDKNavi */ = {
			isa = XCSwiftPackageProductDependency;
			package = A48F505B2CB01702004F3A74 /* XCRemoteSwiftPackageReference "kakao-ios-sdk" */;
			productName = KakaoSDKNavi;
		};
		A48F506C2CB01702004F3A74 /* KakaoSDKShare */ = {
			isa = XCSwiftPackageProductDependency;
			package = A48F505B2CB01702004F3A74 /* XCRemoteSwiftPackageReference "kakao-ios-sdk" */;
			productName = KakaoSDKShare;
		};
		A48F506E2CB01702004F3A74 /* KakaoSDKTalk */ = {
			isa = XCSwiftPackageProductDependency;
			package = A48F505B2CB01702004F3A74 /* XCRemoteSwiftPackageReference "kakao-ios-sdk" */;
			productName = KakaoSDKTalk;
		};
		A48F50702CB01702004F3A74 /* KakaoSDKTemplate */ = {
			isa = XCSwiftPackageProductDependency;
			package = A48F505B2CB01702004F3A74 /* XCRemoteSwiftPackageReference "kakao-ios-sdk" */;
			productName = KakaoSDKTemplate;
		};
		A48F50722CB01702004F3A74 /* KakaoSDKUser */ = {
			isa = XCSwiftPackageProductDependency;
			package = A48F505B2CB01702004F3A74 /* XCRemoteSwiftPackageReference "kakao-ios-sdk" */;
			productName = KakaoSDKUser;
		};
		A48F51432CB071B0004F3A74 /* usket.NMaps-SPM */ = {
			isa = XCSwiftPackageProductDependency;
			package = A48F51422CB071B0004F3A74 /* XCRemoteSwiftPackageReference "usket" */;
			productName = "usket.NMaps-SPM";
		};
		A48F556F2CB1AC69004F3A74 /* Kingfisher */ = {
			isa = XCSwiftPackageProductDependency;
			package = A48F556E2CB1AC69004F3A74 /* XCRemoteSwiftPackageReference "Kingfisher" */;
			productName = Kingfisher;
		};
		A4B716B02CAFF78000F28562 /* SnapKit */ = {
			isa = XCSwiftPackageProductDependency;
			package = A4B716AF2CAFF78000F28562 /* XCRemoteSwiftPackageReference "SnapKit" */;
			productName = SnapKit;
		};
		A4B716B32CAFF7B700F28562 /* Moya */ = {
			isa = XCSwiftPackageProductDependency;
			package = A4B716B22CAFF7B700F28562 /* XCRemoteSwiftPackageReference "Moya" */;
			productName = Moya;
		};
/* End XCSwiftPackageProductDependency section */
	};
	rootObject = A4B7168B2CAFF67800F28562 /* Project object */;
}
